
Microsoft Visual Studio Solution File, Format Version 12.00
# Visual Studio Version 17
VisualStudioVersion = 17.0.31903.59
MinimumVisualStudioVersion = 10.0.40219.1
Project("{FAE04EC0-301F-11D3-BF4B-00C04F79EFBC}") = "AgroSolutions.Analytics.Service.Api", "src\AgroSolutions.Analytics.Service.Api\AgroSolutions.Analytics.Service.Api.csproj", "{A3B4C5D6-E7F8-6A7B-0C1D-2E3F4A5B6C7D}"
EndProject
Project("{FAE04EC0-301F-11D3-BF4B-00C04F79EFBC}") = "AgroSolutions.Analytics.Service.Application", "src\AgroSolutions.Analytics.Service.Application\AgroSolutions.Analytics.Service.Application.csproj", "{B4C5D6E7-F8A9-7B8C-1D2E-3F4A5B6C7D8E}"
EndProject
Project("{FAE04EC0-301F-11D3-BF4B-00C04F79EFBC}") = "AgroSolutions.Analytics.Service.Domain", "src\AgroSolutions.Analytics.Service.Domain\AgroSolutions.Analytics.Service.Domain.csproj", "{C5D6E7F8-A9B0-8C9D-2E3F-4A5B6C7D8E9F}"
EndProject
Project("{FAE04EC0-301F-11D3-BF4B-00C04F79EFBC}") = "AgroSolutions.Analytics.Service.Infra", "src\AgroSolutions.Analytics.Service.Infra\AgroSolutions.Analytics.Service.Infra.csproj", "{D6E7F8A9-B0C1-9D0E-3F4A-5B6C7D8E9F0A}"
EndProject
Project("{FAE04EC0-301F-11D3-BF4B-00C04F79EFBC}") = "AgroSolutions.Analytics.Service.Worker", "src\AgroSolutions.Analytics.Service.Worker\AgroSolutions.Analytics.Service.Worker.csproj", "{E7F8A9B0-C1D2-0E1F-4A5B-6C7D8E9F0A1B}"
EndProject
Global
	GlobalSection(SolutionConfigurationPlatforms) = preSolution
		Debug|Any CPU = Debug|Any CPU
		Release|Any CPU = Release|Any CPU
	EndGlobalSection
	GlobalSection(ProjectConfigurationPlatforms) = postSolution
		{A3B4C5D6-E7F8-6A7B-0C1D-2E3F4A5B6C7D}.Debug|Any CPU.ActiveCfg = Debug|Any CPU
		{A3B4C5D6-E7F8-6A7B-0C1D-2E3F4A5B6C7D}.Debug|Any CPU.Build.0 = Debug|Any CPU
		{A3B4C5D6-E7F8-6A7B-0C1D-2E3F4A5B6C7D}.Release|Any CPU.ActiveCfg = Release|Any CPU
		{A3B4C5D6-E7F8-6A7B-0C1D-2E3F4A5B6C7D}.Release|Any CPU.Build.0 = Release|Any CPU
		{B4C5D6E7-F8A9-7B8C-1D2E-3F4A5B6C7D8E}.Debug|Any CPU.ActiveCfg = Debug|Any CPU
		{B4C5D6E7-F8A9-7B8C-1D2E-3F4A5B6C7D8E}.Debug|Any CPU.Build.0 = Debug|Any CPU
		{B4C5D6E7-F8A9-7B8C-1D2E-3F4A5B6C7D8E}.Release|Any CPU.ActiveCfg = Release|Any CPU
		{B4C5D6E7-F8A9-7B8C-1D2E-3F4A5B6C7D8E}.Release|Any CPU.Build.0 = Release|Any CPU
		{C5D6E7F8-A9B0-8C9D-2E3F-4A5B6C7D8E9F}.Debug|Any CPU.ActiveCfg = Debug|Any CPU
		{C5D6E7F8-A9B0-8C9D-2E3F-4A5B6C7D8E9F}.Debug|Any CPU.Build.0 = Debug|Any CPU
		{C5D6E7F8-A9B0-8C9D-2E3F-4A5B6C7D8E9F}.Release|Any CPU.ActiveCfg = Release|Any CPU
		{C5D6E7F8-A9B0-8C9D-2E3F-4A5B6C7D8E9F}.Release|Any CPU.Build.0 = Release|Any CPU
		{D6E7F8A9-B0C1-9D0E-3F4A-5B6C7D8E9F0A}.Debug|Any CPU.ActiveCfg = Debug|Any CPU
		{D6E7F8A9-B0C1-9D0E-3F4A-5B6C7D8E9F0A}.Debug|Any CPU.Build.0 = Debug|Any CPU
		{D6E7F8A9-B0C1-9D0E-3F4A-5B6C7D8E9F0A}.Release|Any CPU.ActiveCfg = Release|Any CPU
		{D6E7F8A9-B0C1-9D0E-3F4A-5B6C7D8E9F0A}.Release|Any CPU.Build.0 = Release|Any CPU
		{E7F8A9B0-C1D2-0E1F-4A5B-6C7D8E9F0A1B}.Debug|Any CPU.ActiveCfg = Debug|Any CPU
		{E7F8A9B0-C1D2-0E1F-4A5B-6C7D8E9F0A1B}.Debug|Any CPU.Build.0 = Debug|Any CPU
		{E7F8A9B0-C1D2-0E1F-4A5B-6C7D8E9F0A1B}.Release|Any CPU.ActiveCfg = Release|Any CPU
		{E7F8A9B0-C1D2-0E1F-4A5B-6C7D8E9F0A1B}.Release|Any CPU.Build.0 = Release|Any CPU
	EndGlobalSection
EndGlobal
